
Microsoft Visual Studio Solution File, Format Version 12.00
# Visual Studio 15
VisualStudioVersion = 15.0.27004.2005
MinimumVisualStudioVersion = 10.0.40219.1
Project("{FAE04EC0-301F-11D3-BF4B-00C04F79EFBC}") = "DALLib", "DALLib\DALLib.csproj", "{60A2B20E-4904-4BB9-A35A-58B5E7955D24}"
EndProject
Project("{FAE04EC0-301F-11D3-BF4B-00C04F79EFBC}") = "DALLibTests", "DALLibTests\DALLibTests.csproj", "{4471E360-7232-41F2-B93C-4B7E6B090E40}"
EndProject
Global
	GlobalSection(SolutionConfigurationPlatforms) = preSolution
		Debug|Any CPU = Debug|Any CPU
		Release|Any CPU = Release|Any CPU
	EndGlobalSection
	GlobalSection(ProjectConfigurationPlatforms) = postSolution
		{60A2B20E-4904-4BB9-A35A-58B5E7955D24}.Debug|Any CPU.ActiveCfg = Debug|Any CPU
		{60A2B20E-4904-4BB9-A35A-58B5E7955D24}.Debug|Any CPU.Build.0 = Debug|Any CPU
		{60A2B20E-4904-4BB9-A35A-58B5E7955D24}.Release|Any CPU.ActiveCfg = Release|Any CPU
		{60A2B20E-4904-4BB9-A35A-58B5E7955D24}.Release|Any CPU.Build.0 = Release|Any CPU
		{4471E360-7232-41F2-B93C-4B7E6B090E40}.Debug|Any CPU.ActiveCfg = Debug|Any CPU
		{4471E360-7232-41F2-B93C-4B7E6B090E40}.Debug|Any CPU.Build.0 = Debug|Any CPU
		{4471E360-7232-41F2-B93C-4B7E6B090E40}.Release|Any CPU.ActiveCfg = Release|Any CPU
		{4471E360-7232-41F2-B93C-4B7E6B090E40}.Release|Any CPU.Build.0 = Release|Any CPU
	EndGlobalSection
	GlobalSection(SolutionProperties) = preSolution
		HideSolutionNode = FALSE
	EndGlobalSection
	GlobalSection(ExtensibilityGlobals) = postSolution
		SolutionGuid = {7409CF07-A804-4AAA-AFA7-89E59D02C560}
	EndGlobalSection
EndGlobal
